// !$*UTF8*$!
{
	archiveVersion = 1;
	classes = {
	};
	objectVersion = 50;
	objects = {

/* Begin PBXBuildFile section */
		5D02160A25879CD20006B24B /* AppDelegate.swift in Sources */ = {isa = PBXBuildFile; fileRef = 5D02160925879CD20006B24B /* AppDelegate.swift */; };
		5D02160C25879CD20006B24B /* SceneDelegate.swift in Sources */ = {isa = PBXBuildFile; fileRef = 5D02160B25879CD20006B24B /* SceneDelegate.swift */; };
		5D02160E25879CD20006B24B /* ViewController.swift in Sources */ = {isa = PBXBuildFile; fileRef = 5D02160D25879CD20006B24B /* ViewController.swift */; };
		5D02161125879CD20006B24B /* Main.storyboard in Resources */ = {isa = PBXBuildFile; fileRef = 5D02160F25879CD20006B24B /* Main.storyboard */; };
		5D02161425879CD20006B24B /* FinalExam_07256_.xcdatamodeld in Sources */ = {isa = PBXBuildFile; fileRef = 5D02161225879CD20006B24B /* FinalExam_07256_.xcdatamodeld */; };
		5D02161625879CD20006B24B /* Assets.xcassets in Resources */ = {isa = PBXBuildFile; fileRef = 5D02161525879CD20006B24B /* Assets.xcassets */; };
		5D02161925879CD20006B24B /* LaunchScreen.storyboard in Resources */ = {isa = PBXBuildFile; fileRef = 5D02161725879CD20006B24B /* LaunchScreen.storyboard */; };
		5D0216212587A0B00006B24B /* SaveViewController.swift in Sources */ = {isa = PBXBuildFile; fileRef = 5D0216202587A0B00006B24B /* SaveViewController.swift */; };
/* End PBXBuildFile section */

/* Begin PBXFileReference section */
		5D02160625879CD20006B24B /* FinalExam(07256).app */ = {isa = PBXFileReference; explicitFileType = wrapper.application; includeInIndex = 0; path = "FinalExam(07256).app"; sourceTree = BUILT_PRODUCTS_DIR; };
		5D02160925879CD20006B24B /* AppDelegate.swift */ = {isa = PBXFileReference; lastKnownFileType = sourcecode.swift; path = AppDelegate.swift; sourceTree = "<group>"; };
		5D02160B25879CD20006B24B /* SceneDelegate.swift */ = {isa = PBXFileReference; lastKnownFileType = sourcecode.swift; path = SceneDelegate.swift; sourceTree = "<group>"; };
		5D02160D25879CD20006B24B /* ViewController.swift */ = {isa = PBXFileReference; lastKnownFileType = sourcecode.swift; path = ViewController.swift; sourceTree = "<group>"; };
		5D02161025879CD20006B24B /* Base */ = {isa = PBXFileReference; lastKnownFileType = file.storyboard; name = Base; path = Base.lproj/Main.storyboard; sourceTree = "<group>"; };
		5D02161325879CD20006B24B /* FinalExam_07256_.xcdatamodel */ = {isa = PBXFileReference; lastKnownFileType = wrapper.xcdatamodel; path = FinalExam_07256_.xcdatamodel; sourceTree = "<group>"; };
		5D02161525879CD20006B24B /* Assets.xcassets */ = {isa = PBXFileReference; lastKnownFileType = folder.assetcatalog; path = Assets.xcassets; sourceTree = "<group>"; };
		5D02161825879CD20006B24B /* Base */ = {isa = PBXFileReference; lastKnownFileType = file.storyboard; name = Base; path = Base.lproj/LaunchScreen.storyboard; sourceTree = "<group>"; };
		5D02161A25879CD20006B24B /* Info.plist */ = {isa = PBXFileReference; lastKnownFileType = text.plist.xml; path = Info.plist; sourceTree = "<group>"; };
		5D0216202587A0B00006B24B /* SaveViewController.swift */ = {isa = PBXFileReference; lastKnownFileType = sourcecode.swift; path = SaveViewController.swift; sourceTree = "<group>"; };
/* End PBXFileReference section */

/* Begin PBXFrameworksBuildPhase section */
		5D02160325879CD20006B24B /* Frameworks */ = {
			isa = PBXFrameworksBuildPhase;
			buildActionMask = 2147483647;
			files = (
			);
			runOnlyForDeploymentPostprocessing = 0;
		};
/* End PBXFrameworksBuildPhase section */

/* Begin PBXGroup section */
		5D0215FD25879CD20006B24B = {
			isa = PBXGroup;
			children = (
				5D02160825879CD20006B24B /* FinalExam(07256) */,
				5D02160725879CD20006B24B /* Products */,
			);
			sourceTree = "<group>";
		};
		5D02160725879CD20006B24B /* Products */ = {
			isa = PBXGroup;
			children = (
				5D02160625879CD20006B24B /* FinalExam(07256).app */,
			);
			name = Products;
			sourceTree = "<group>";
		};
		5D02160825879CD20006B24B /* FinalExam(07256) */ = {
			isa = PBXGroup;
			children = (
				5D02160925879CD20006B24B /* AppDelegate.swift */,
				5D02160B25879CD20006B24B /* SceneDelegate.swift */,
				5D0216252587AAA40006B24B /* Controller */,
				5D0216262587AAB90006B24B /* View */,
				5D02161525879CD20006B24B /* Assets.xcassets */,
				5D02161725879CD20006B24B /* LaunchScreen.storyboard */,
				5D02161A25879CD20006B24B /* Info.plist */,
				5D0216242587AA8A0006B24B /* Model */,
			);
			path = "FinalExam(07256)";
			sourceTree = "<group>";
		};
		5D0216242587AA8A0006B24B /* Model */ = {
			isa = PBXGroup;
			children = (
				5D02161225879CD20006B24B /* FinalExam_07256_.xcdatamodeld */,
			);
			path = Model;
			sourceTree = "<group>";
		};
		5D0216252587AAA40006B24B /* Controller */ = {
			isa = PBXGroup;
			children = (
				5D02160D25879CD20006B24B /* ViewController.swift */,
				5D0216202587A0B00006B24B /* SaveViewController.swift */,
			);
			path = Controller;
			sourceTree = "<group>";
		};
		5D0216262587AAB90006B24B /* View */ = {
			isa = PBXGroup;
			children = (
				5D02160F25879CD20006B24B /* Main.storyboard */,
			);
			path = View;
			sourceTree = "<group>";
		};
/* End PBXGroup section */

/* Begin PBXNativeTarget section */
		5D02160525879CD20006B24B /* FinalExam(07256) */ = {
			isa = PBXNativeTarget;
			buildConfigurationList = 5D02161D25879CD20006B24B /* Build configuration list for PBXNativeTarget "FinalExam(07256)" */;
			buildPhases = (
				5D02160225879CD20006B24B /* Sources */,
				5D02160325879CD20006B24B /* Frameworks */,
				5D02160425879CD20006B24B /* Resources */,
			);
			buildRules = (
			);
			dependencies = (
			);
			name = "FinalExam(07256)";
			productName = "FinalExam(07256)";
			productReference = 5D02160625879CD20006B24B /* FinalExam(07256).app */;
			productType = "com.apple.product-type.application";
		};
/* End PBXNativeTarget section */

/* Begin PBXProject section */
		5D0215FE25879CD20006B24B /* Project object */ = {
			isa = PBXProject;
			attributes = {
				LastSwiftUpdateCheck = 1130;
				LastUpgradeCheck = 1130;
				ORGANIZATIONNAME = "420-DM5-AS";
				TargetAttributes = {
					5D02160525879CD20006B24B = {
						CreatedOnToolsVersion = 11.3;
					};
				};
			};
			buildConfigurationList = 5D02160125879CD20006B24B /* Build configuration list for PBXProject "FinalExam(07256)" */;
			compatibilityVersion = "Xcode 9.3";
			developmentRegion = en;
			hasScannedForEncodings = 0;
			knownRegions = (
				en,
				Base,
			);
			mainGroup = 5D0215FD25879CD20006B24B;
			productRefGroup = 5D02160725879CD20006B24B /* Products */;
			projectDirPath = "";
			projectRoot = "";
			targets = (
				5D02160525879CD20006B24B /* FinalExam(07256) */,
			);
		};
/* End PBXProject section */

/* Begin PBXResourcesBuildPhase section */
		5D02160425879CD20006B24B /* Resources */ = {
			isa = PBXResourcesBuildPhase;
			buildActionMask = 2147483647;
			files = (
				5D02161925879CD20006B24B /* LaunchScreen.storyboard in Resources */,
				5D02161625879CD20006B24B /* Assets.xcassets in Resources */,
				5D02161125879CD20006B24B /* Main.storyboard in Resources */,
			);
			runOnlyForDeploymentPostprocessing = 0;
		};
/* End PBXResourcesBuildPhase section */

/* Begin PBXSourcesBuildPhase section */
		5D02160225879CD20006B24B /* Sources */ = {
			isa = PBXSourcesBuildPhase;
			buildActionMask = 2147483647;
			files = (
				5D02161425879CD20006B24B /* FinalExam_07256_.xcdatamodeld in Sources */,
				5D0216212587A0B00006B24B /* SaveViewController.swift in Sources */,
				5D02160E25879CD20006B24B /* ViewController.swift in Sources */,
				5D02160A25879CD20006B24B /* AppDelegate.swift in Sources */,
				5D02160C25879CD20006B24B /* SceneDelegate.swift in Sources */,
			);
			runOnlyForDeploymentPostprocessing = 0;
		};
/* End PBXSourcesBuildPhase section */

/* Begin PBXVariantGroup section */
		5D02160F25879CD20006B24B /* Main.storyboard */ = {
			isa = PBXVariantGroup;
			children = (
				5D02161025879CD20006B24B /* Base */,
			);
			name = Main.storyboard;
			sourceTree = "<group>";
		};
		5D02161725879CD20006B24B /* LaunchScreen.storyboard */ = {
			isa = PBXVariantGroup;
			children = (
				5D02161825879CD20006B24B /* Base */,
			);
			name = LaunchScreen.storyboard;
			sourceTree = "<group>";
		};
/* End PBXVariantGroup section */

/* Begin XCBuildConfiguration section */
		5D02161B25879CD20006B24B /* Debug */ = {
			isa = XCBuildConfiguration;
			buildSettings = {
				ALWAYS_SEARCH_USER_PATHS = NO;
				CLANG_ANALYZER_NONNULL = YES;
				CLANG_ANALYZER_NUMBER_OBJECT_CONVERSION = YES_AGGRESSIVE;
				CLANG_CXX_LANGUAGE_STANDARD = "gnu++14";
				CLANG_CXX_LIBRARY = "libc++";
				CLANG_ENABLE_MODULES = YES;
				CLANG_ENABLE_OBJC_ARC = YES;
				CLANG_ENABLE_OBJC_WEAK = YES;
				CLANG_WARN_BLOCK_CAPTURE_AUTORELEASING = YES;
				CLANG_WARN_BOOL_CONVERSION = YES;
				CLANG_WARN_COMMA = YES;
				CLANG_WARN_CONSTANT_CONVERSION = YES;
				CLANG_WARN_DEPRECATED_OBJC_IMPLEMENTATIONS = YES;
				CLANG_WARN_DIRECT_OBJC_ISA_USAGE = YES_ERROR;
				CLANG_WARN_DOCUMENTATION_COMMENTS = YES;
				CLANG_WARN_EMPTY_BODY = YES;
				CLANG_WARN_ENUM_CONVERSION = YES;
				CLANG_WARN_INFINITE_RECURSION = YES;
				CLANG_WARN_INT_CONVERSION = YES;
				CLANG_WARN_NON_LITERAL_NULL_CONVERSION = YES;
				CLANG_WARN_OBJC_IMPLICIT_RETAIN_SELF = YES;
				CLANG_WARN_OBJC_LITERAL_CONVERSION = YES;
				CLANG_WARN_OBJC_ROOT_CLASS = YES_ERROR;
				CLANG_WARN_RANGE_LOOP_ANALYSIS = YES;
				CLANG_WARN_STRICT_PROTOTYPES = YES;
				CLANG_WARN_SUSPICIOUS_MOVE = YES;
				CLANG_WARN_UNGUARDED_AVAILABILITY = YES_AGGRESSIVE;
				CLANG_WARN_UNREACHABLE_CODE = YES;
				CLANG_WARN__DUPLICATE_METHOD_MATCH = YES;
				COPY_PHASE_STRIP = NO;
				DEBUG_INFORMATION_FORMAT = dwarf;
				ENABLE_STRICT_OBJC_MSGSEND = YES;
				ENABLE_TESTABILITY = YES;
				GCC_C_LANGUAGE_STANDARD = gnu11;
				GCC_DYNAMIC_NO_PIC = NO;
				GCC_NO_COMMON_BLOCKS = YES;
				GCC_OPTIMIZATION_LEVEL = 0;
				GCC_PREPROCESSOR_DEFINITIONS = (
					"DEBUG=1",
					"$(inherited)",
				);
				GCC_WARN_64_TO_32_BIT_CONVERSION = YES;
				GCC_WARN_ABOUT_RETURN_TYPE = YES_ERROR;
				GCC_WARN_UNDECLARED_SELECTOR = YES;
				GCC_WARN_UNINITIALIZED_AUTOS = YES_AGGRESSIVE;
				GCC_WARN_UNUSED_FUNCTION = YES;
				GCC_WARN_UNUSED_VARIABLE = YES;
				IPHONEOS_DEPLOYMENT_TARGET = 13.2;
				MTL_ENABLE_DEBUG_INFO = INCLUDE_SOURCE;
				MTL_FAST_MATH = YES;
				ONLY_ACTIVE_ARCH = YES;
				SDKROOT = iphoneos;
				SWIFT_ACTIVE_COMPILATION_CONDITIONS = DEBUG;
				SWIFT_OPTIMIZATION_LEVEL = "-Onone";
			};
			name = Debug;
		};
		5D02161C25879CD20006B24B /* Release */ = {
			isa = XCBuildConfiguration;
			buildSettings = {
				ALWAYS_SEARCH_USER_PATHS = NO;
				CLANG_ANALYZER_NONNULL = YES;
				CLANG_ANALYZER_NUMBER_OBJECT_CONVERSION = YES_AGGRESSIVE;
				CLANG_CXX_LANGUAGE_STANDARD = "gnu++14";
				CLANG_CXX_LIBRARY = "libc++";
				CLANG_ENABLE_MODULES = YES;
				CLANG_ENABLE_OBJC_ARC = YES;
				CLANG_ENABLE_OBJC_WEAK = YES;
				CLANG_WARN_BLOCK_CAPTURE_AUTORELEASING = YES;
				CLANG_WARN_BOOL_CONVERSION = YES;
				CLANG_WARN_COMMA = YES;
				CLANG_WARN_CONSTANT_CONVERSION = YES;
				CLANG_WARN_DEPRECATED_OBJC_IMPLEMENTATIONS = YES;
				CLANG_WARN_DIRECT_OBJC_ISA_USAGE = YES_ERROR;
				CLANG_WARN_DOCUMENTATION_COMMENTS = YES;
				CLANG_WARN_EMPTY_BODY = YES;
				CLANG_WARN_ENUM_CONVERSION = YES;
				CLANG_WARN_INFINITE_RECURSION = YES;
				CLANG_WARN_INT_CONVERSION = YES;
				CLANG_WARN_NON_LITERAL_NULL_CONVERSION = YES;
				CLANG_WARN_OBJC_IMPLICIT_RETAIN_SELF = YES;
				CLANG_WARN_OBJC_LITERAL_CONVERSION = YES;
				CLANG_WARN_OBJC_ROOT_CLASS = YES_ERROR;
				CLANG_WARN_RANGE_LOOP_ANALYSIS = YES;
				CLANG_WARN_STRICT_PROTOTYPES = YES;
				CLANG_WARN_SUSPICIOUS_MOVE = YES;
				CLANG_WARN_UNGUARDED_AVAILABILITY = YES_AGGRESSIVE;
				CLANG_WARN_UNREACHABLE_CODE = YES;
				CLANG_WARN__DUPLICATE_METHOD_MATCH = YES;
				COPY_PHASE_STRIP = NO;
				DEBUG_INFORMATION_FORMAT = "dwarf-with-dsym";
				ENABLE_NS_ASSERTIONS = NO;
				ENABLE_STRICT_OBJC_MSGSEND = YES;
				GCC_C_LANGUAGE_STANDARD = gnu11;
				GCC_NO_COMMON_BLOCKS = YES;
				GCC_WARN_64_TO_32_BIT_CONVERSION = YES;
				GCC_WARN_ABOUT_RETURN_TYPE = YES_ERROR;
				GCC_WARN_UNDECLARED_SELECTOR = YES;
				GCC_WARN_UNINITIALIZED_AUTOS = YES_AGGRESSIVE;
				GCC_WARN_UNUSED_FUNCTION = YES;
				GCC_WARN_UNUSED_VARIABLE = YES;
				IPHONEOS_DEPLOYMENT_TARGET = 13.2;
				MTL_ENABLE_DEBUG_INFO = NO;
				MTL_FAST_MATH = YES;
				SDKROOT = iphoneos;
				SWIFT_COMPILATION_MODE = wholemodule;
				SWIFT_OPTIMIZATION_LEVEL = "-O";
				VALIDATE_PRODUCT = YES;
			};
			name = Release;
		};
		5D02161E25879CD20006B24B /* Debug */ = {
			isa = XCBuildConfiguration;
			buildSettings = {
				ASSETCATALOG_COMPILER_APPICON_NAME = AppIcon;
				CODE_SIGN_STYLE = Automatic;
				INFOPLIST_FILE = "FinalExam(07256)/Info.plist";
				LD_RUNPATH_SEARCH_PATHS = (
					"$(inherited)",
					"@executable_path/Frameworks",
				);
				PRODUCT_BUNDLE_IDENTIFIER = "LingjunLiao.FinalExam-07256-";
				PRODUCT_NAME = "$(TARGET_NAME)";
				SWIFT_VERSION = 5.0;
				TARGETED_DEVICE_FAMILY = "1,2";
			};
			name = Debug;
		};
		5D02161F25879CD20006B24B /* Release */ = {
			isa = XCBuildConfiguration;
			buildSettings = {
				ASSETCATALOG_COMPILER_APPICON_NAME = AppIcon;
				CODE_SIGN_STYLE = Automatic;
				INFOPLIST_FILE = "FinalExam(07256)/Info.plist";
				LD_RUNPATH_SEARCH_PATHS = (
					"$(inherited)",
					"@executable_path/Frameworks",
				);
				PRODUCT_BUNDLE_IDENTIFIER = "LingjunLiao.FinalExam-07256-";
				PRODUCT_NAME = "$(TARGET_NAME)";
				SWIFT_VERSION = 5.0;
				TARGETED_DEVICE_FAMILY = "1,2";
			};
			name = Release;
		};
/* End XCBuildConfiguration section */

/* Begin XCConfigurationList section */
		5D02160125879CD20006B24B /* Build configuration list for PBXProject "FinalExam(07256)" */ = {
			isa = XCConfigurationList;
			buildConfigurations = (
				5D02161B25879CD20006B24B /* Debug */,
				5D02161C25879CD20006B24B /* Release */,
			);
			defaultConfigurationIsVisible = 0;
			defaultConfigurationName = Release;
		};
		5D02161D25879CD20006B24B /* Build configuration list for PBXNativeTarget "FinalExam(07256)" */ = {
			isa = XCConfigurationList;
			buildConfigurations = (
				5D02161E25879CD20006B24B /* Debug */,
				5D02161F25879CD20006B24B /* Release */,
			);
			defaultConfigurationIsVisible = 0;
			defaultConfigurationName = Release;
		};
/* End XCConfigurationList section */

/* Begin XCVersionGroup section */
		5D02161225879CD20006B24B /* FinalExam_07256_.xcdatamodeld */ = {
			isa = XCVersionGroup;
			children = (
				5D02161325879CD20006B24B /* FinalExam_07256_.xcdatamodel */,
			);
			currentVersion = 5D02161325879CD20006B24B /* FinalExam_07256_.xcdatamodel */;
			path = FinalExam_07256_.xcdatamodeld;
			sourceTree = "<group>";
			versionGroupType = wrapper.xcdatamodel;
		};
/* End XCVersionGroup section */
	};
	rootObject = 5D0215FE25879CD20006B24B /* Project object */;
}
