// !$*UTF8*$!
{
	archiveVersion = 1;
	classes = {
	};
	objectVersion = 50;
	objects = {

/* Begin PBXBuildFile section */
		5D5E980A271F266F0095E2E3 /* AppDelegate.swift in Sources */ = {isa = PBXBuildFile; fileRef = 5D5E9809271F266F0095E2E3 /* AppDelegate.swift */; };
		5D5E980C271F266F0095E2E3 /* SceneDelegate.swift in Sources */ = {isa = PBXBuildFile; fileRef = 5D5E980B271F266F0095E2E3 /* SceneDelegate.swift */; };
		5D5E980E271F266F0095E2E3 /* ViewController.swift in Sources */ = {isa = PBXBuildFile; fileRef = 5D5E980D271F266F0095E2E3 /* ViewController.swift */; };
		5D5E9811271F266F0095E2E3 /* Main.storyboard in Resources */ = {isa = PBXBuildFile; fileRef = 5D5E980F271F266F0095E2E3 /* Main.storyboard */; };
		5D5E9813271F26700095E2E3 /* Assets.xcassets in Resources */ = {isa = PBXBuildFile; fileRef = 5D5E9812271F26700095E2E3 /* Assets.xcassets */; };
		5D5E9816271F26700095E2E3 /* LaunchScreen.storyboard in Resources */ = {isa = PBXBuildFile; fileRef = 5D5E9814271F26700095E2E3 /* LaunchScreen.storyboard */; };
		5D5E9820271F27420095E2E3 /* Student.swift in Sources */ = {isa = PBXBuildFile; fileRef = 5D5E981F271F27420095E2E3 /* Student.swift */; };
		5D5E9825271F29160095E2E3 /* StudentProvider.swift in Sources */ = {isa = PBXBuildFile; fileRef = 5D5E9824271F29160095E2E3 /* StudentProvider.swift */; };
		5D5E982A271F31B50095E2E3 /* StudentListViewController.swift in Sources */ = {isa = PBXBuildFile; fileRef = 5D5E9829271F31B50095E2E3 /* StudentListViewController.swift */; };
		5D5E9830271F337A0095E2E3 /* EnumSegue.swift in Sources */ = {isa = PBXBuildFile; fileRef = 5D5E982F271F337A0095E2E3 /* EnumSegue.swift */; };
		5D5E9834271F36870095E2E3 /* StudentInfoViewController.swift in Sources */ = {isa = PBXBuildFile; fileRef = 5D5E9833271F36870095E2E3 /* StudentInfoViewController.swift */; };
/* End PBXBuildFile section */

/* Begin PBXFileReference section */
		5D5E9806271F266F0095E2E3 /* Review_2031152.app */ = {isa = PBXFileReference; explicitFileType = wrapper.application; includeInIndex = 0; path = Review_2031152.app; sourceTree = BUILT_PRODUCTS_DIR; };
		5D5E9809271F266F0095E2E3 /* AppDelegate.swift */ = {isa = PBXFileReference; lastKnownFileType = sourcecode.swift; path = AppDelegate.swift; sourceTree = "<group>"; };
		5D5E980B271F266F0095E2E3 /* SceneDelegate.swift */ = {isa = PBXFileReference; lastKnownFileType = sourcecode.swift; path = SceneDelegate.swift; sourceTree = "<group>"; };
		5D5E980D271F266F0095E2E3 /* ViewController.swift */ = {isa = PBXFileReference; lastKnownFileType = sourcecode.swift; path = ViewController.swift; sourceTree = "<group>"; };
		5D5E9810271F266F0095E2E3 /* Base */ = {isa = PBXFileReference; lastKnownFileType = file.storyboard; name = Base; path = Base.lproj/Main.storyboard; sourceTree = "<group>"; };
		5D5E9812271F26700095E2E3 /* Assets.xcassets */ = {isa = PBXFileReference; lastKnownFileType = folder.assetcatalog; path = Assets.xcassets; sourceTree = "<group>"; };
		5D5E9815271F26700095E2E3 /* Base */ = {isa = PBXFileReference; lastKnownFileType = file.storyboard; name = Base; path = Base.lproj/LaunchScreen.storyboard; sourceTree = "<group>"; };
		5D5E9817271F26700095E2E3 /* Info.plist */ = {isa = PBXFileReference; lastKnownFileType = text.plist.xml; path = Info.plist; sourceTree = "<group>"; };
		5D5E981F271F27420095E2E3 /* Student.swift */ = {isa = PBXFileReference; lastKnownFileType = sourcecode.swift; path = Student.swift; sourceTree = "<group>"; };
		5D5E9824271F29160095E2E3 /* StudentProvider.swift */ = {isa = PBXFileReference; lastKnownFileType = sourcecode.swift; path = StudentProvider.swift; sourceTree = "<group>"; };
		5D5E9829271F31B50095E2E3 /* StudentListViewController.swift */ = {isa = PBXFileReference; lastKnownFileType = sourcecode.swift; path = StudentListViewController.swift; sourceTree = "<group>"; };
		5D5E982F271F337A0095E2E3 /* EnumSegue.swift */ = {isa = PBXFileReference; lastKnownFileType = sourcecode.swift; path = EnumSegue.swift; sourceTree = "<group>"; };
		5D5E9833271F36870095E2E3 /* StudentInfoViewController.swift */ = {isa = PBXFileReference; lastKnownFileType = sourcecode.swift; path = StudentInfoViewController.swift; sourceTree = "<group>"; };
/* End PBXFileReference section */

/* Begin PBXFrameworksBuildPhase section */
		5D5E9803271F266F0095E2E3 /* Frameworks */ = {
			isa = PBXFrameworksBuildPhase;
			buildActionMask = 2147483647;
			files = (
			);
			runOnlyForDeploymentPostprocessing = 0;
		};
/* End PBXFrameworksBuildPhase section */

/* Begin PBXGroup section */
		5D5E97FD271F266F0095E2E3 = {
			isa = PBXGroup;
			children = (
				5D5E9808271F266F0095E2E3 /* Review_2031152 */,
				5D5E9807271F266F0095E2E3 /* Products */,
			);
			sourceTree = "<group>";
		};
		5D5E9807271F266F0095E2E3 /* Products */ = {
			isa = PBXGroup;
			children = (
				5D5E9806271F266F0095E2E3 /* Review_2031152.app */,
			);
			name = Products;
			sourceTree = "<group>";
		};
		5D5E9808271F266F0095E2E3 /* Review_2031152 */ = {
			isa = PBXGroup;
			children = (
				5D5E982E271F33530095E2E3 /* Src */,
				5D5E9828271F319F0095E2E3 /* Controller */,
				5D5E9823271F28ED0095E2E3 /* Provider */,
				5D5E981E271F26FF0095E2E3 /* Model */,
				5D5E9809271F266F0095E2E3 /* AppDelegate.swift */,
				5D5E980B271F266F0095E2E3 /* SceneDelegate.swift */,
				5D5E980F271F266F0095E2E3 /* Main.storyboard */,
				5D5E9812271F26700095E2E3 /* Assets.xcassets */,
				5D5E9814271F26700095E2E3 /* LaunchScreen.storyboard */,
				5D5E9817271F26700095E2E3 /* Info.plist */,
			);
			path = Review_2031152;
			sourceTree = "<group>";
		};
		5D5E981E271F26FF0095E2E3 /* Model */ = {
			isa = PBXGroup;
			children = (
				5D5E981F271F27420095E2E3 /* Student.swift */,
			);
			path = Model;
			sourceTree = "<group>";
		};
		5D5E9823271F28ED0095E2E3 /* Provider */ = {
			isa = PBXGroup;
			children = (
				5D5E9824271F29160095E2E3 /* StudentProvider.swift */,
			);
			path = Provider;
			sourceTree = "<group>";
		};
		5D5E9828271F319F0095E2E3 /* Controller */ = {
			isa = PBXGroup;
			children = (
				5D5E9829271F31B50095E2E3 /* StudentListViewController.swift */,
				5D5E9833271F36870095E2E3 /* StudentInfoViewController.swift */,
				5D5E980D271F266F0095E2E3 /* ViewController.swift */,
			);
			path = Controller;
			sourceTree = "<group>";
		};
		5D5E982E271F33530095E2E3 /* Src */ = {
			isa = PBXGroup;
			children = (
				5D5E982F271F337A0095E2E3 /* EnumSegue.swift */,
			);
			path = Src;
			sourceTree = "<group>";
		};
/* End PBXGroup section */

/* Begin PBXNativeTarget section */
		5D5E9805271F266F0095E2E3 /* Review_2031152 */ = {
			isa = PBXNativeTarget;
			buildConfigurationList = 5D5E981A271F26700095E2E3 /* Build configuration list for PBXNativeTarget "Review_2031152" */;
			buildPhases = (
				5D5E9802271F266F0095E2E3 /* Sources */,
				5D5E9803271F266F0095E2E3 /* Frameworks */,
				5D5E9804271F266F0095E2E3 /* Resources */,
			);
			buildRules = (
			);
			dependencies = (
			);
			name = Review_2031152;
			productName = Review_2031152;
			productReference = 5D5E9806271F266F0095E2E3 /* Review_2031152.app */;
			productType = "com.apple.product-type.application";
		};
/* End PBXNativeTarget section */

/* Begin PBXProject section */
		5D5E97FE271F266F0095E2E3 /* Project object */ = {
			isa = PBXProject;
			attributes = {
				LastSwiftUpdateCheck = 1230;
				LastUpgradeCheck = 1230;
				TargetAttributes = {
					5D5E9805271F266F0095E2E3 = {
						CreatedOnToolsVersion = 12.3;
					};
				};
			};
			buildConfigurationList = 5D5E9801271F266F0095E2E3 /* Build configuration list for PBXProject "Review_2031152" */;
			compatibilityVersion = "Xcode 9.3";
			developmentRegion = en;
			hasScannedForEncodings = 0;
			knownRegions = (
				en,
				Base,
			);
			mainGroup = 5D5E97FD271F266F0095E2E3;
			productRefGroup = 5D5E9807271F266F0095E2E3 /* Products */;
			projectDirPath = "";
			projectRoot = "";
			targets = (
				5D5E9805271F266F0095E2E3 /* Review_2031152 */,
			);
		};
/* End PBXProject section */

/* Begin PBXResourcesBuildPhase section */
		5D5E9804271F266F0095E2E3 /* Resources */ = {
			isa = PBXResourcesBuildPhase;
			buildActionMask = 2147483647;
			files = (
				5D5E9816271F26700095E2E3 /* LaunchScreen.storyboard in Resources */,
				5D5E9813271F26700095E2E3 /* Assets.xcassets in Resources */,
				5D5E9811271F266F0095E2E3 /* Main.storyboard in Resources */,
			);
			runOnlyForDeploymentPostprocessing = 0;
		};
/* End PBXResourcesBuildPhase section */

/* Begin PBXSourcesBuildPhase section */
		5D5E9802271F266F0095E2E3 /* Sources */ = {
			isa = PBXSourcesBuildPhase;
			buildActionMask = 2147483647;
			files = (
				5D5E980E271F266F0095E2E3 /* ViewController.swift in Sources */,
				5D5E980A271F266F0095E2E3 /* AppDelegate.swift in Sources */,
				5D5E980C271F266F0095E2E3 /* SceneDelegate.swift in Sources */,
				5D5E9825271F29160095E2E3 /* StudentProvider.swift in Sources */,
				5D5E9834271F36870095E2E3 /* StudentInfoViewController.swift in Sources */,
				5D5E982A271F31B50095E2E3 /* StudentListViewController.swift in Sources */,
				5D5E9830271F337A0095E2E3 /* EnumSegue.swift in Sources */,
				5D5E9820271F27420095E2E3 /* Student.swift in Sources */,
			);
			runOnlyForDeploymentPostprocessing = 0;
		};
/* End PBXSourcesBuildPhase section */

/* Begin PBXVariantGroup section */
		5D5E980F271F266F0095E2E3 /* Main.storyboard */ = {
			isa = PBXVariantGroup;
			children = (
				5D5E9810271F266F0095E2E3 /* Base */,
			);
			name = Main.storyboard;
			sourceTree = "<group>";
		};
		5D5E9814271F26700095E2E3 /* LaunchScreen.storyboard */ = {
			isa = PBXVariantGroup;
			children = (
				5D5E9815271F26700095E2E3 /* Base */,
			);
			name = LaunchScreen.storyboard;
			sourceTree = "<group>";
		};
/* End PBXVariantGroup section */

/* Begin XCBuildConfiguration section */
		5D5E9818271F26700095E2E3 /* Debug */ = {
			isa = XCBuildConfiguration;
			buildSettings = {
				ALWAYS_SEARCH_USER_PATHS = NO;
				CLANG_ANALYZER_NONNULL = YES;
				CLANG_ANALYZER_NUMBER_OBJECT_CONVERSION = YES_AGGRESSIVE;
				CLANG_CXX_LANGUAGE_STANDARD = "gnu++14";
				CLANG_CXX_LIBRARY = "libc++";
				CLANG_ENABLE_MODULES = YES;
				CLANG_ENABLE_OBJC_ARC = YES;
				CLANG_ENABLE_OBJC_WEAK = YES;
				CLANG_WARN_BLOCK_CAPTURE_AUTORELEASING = YES;
				CLANG_WARN_BOOL_CONVERSION = YES;
				CLANG_WARN_COMMA = YES;
				CLANG_WARN_CONSTANT_CONVERSION = YES;
				CLANG_WARN_DEPRECATED_OBJC_IMPLEMENTATIONS = YES;
				CLANG_WARN_DIRECT_OBJC_ISA_USAGE = YES_ERROR;
				CLANG_WARN_DOCUMENTATION_COMMENTS = YES;
				CLANG_WARN_EMPTY_BODY = YES;
				CLANG_WARN_ENUM_CONVERSION = YES;
				CLANG_WARN_INFINITE_RECURSION = YES;
				CLANG_WARN_INT_CONVERSION = YES;
				CLANG_WARN_NON_LITERAL_NULL_CONVERSION = YES;
				CLANG_WARN_OBJC_IMPLICIT_RETAIN_SELF = YES;
				CLANG_WARN_OBJC_LITERAL_CONVERSION = YES;
				CLANG_WARN_OBJC_ROOT_CLASS = YES_ERROR;
				CLANG_WARN_QUOTED_INCLUDE_IN_FRAMEWORK_HEADER = YES;
				CLANG_WARN_RANGE_LOOP_ANALYSIS = YES;
				CLANG_WARN_STRICT_PROTOTYPES = YES;
				CLANG_WARN_SUSPICIOUS_MOVE = YES;
				CLANG_WARN_UNGUARDED_AVAILABILITY = YES_AGGRESSIVE;
				CLANG_WARN_UNREACHABLE_CODE = YES;
				CLANG_WARN__DUPLICATE_METHOD_MATCH = YES;
				COPY_PHASE_STRIP = NO;
				DEBUG_INFORMATION_FORMAT = dwarf;
				ENABLE_STRICT_OBJC_MSGSEND = YES;
				ENABLE_TESTABILITY = YES;
				GCC_C_LANGUAGE_STANDARD = gnu11;
				GCC_DYNAMIC_NO_PIC = NO;
				GCC_NO_COMMON_BLOCKS = YES;
				GCC_OPTIMIZATION_LEVEL = 0;
				GCC_PREPROCESSOR_DEFINITIONS = (
					"DEBUG=1",
					"$(inherited)",
				);
				GCC_WARN_64_TO_32_BIT_CONVERSION = YES;
				GCC_WARN_ABOUT_RETURN_TYPE = YES_ERROR;
				GCC_WARN_UNDECLARED_SELECTOR = YES;
				GCC_WARN_UNINITIALIZED_AUTOS = YES_AGGRESSIVE;
				GCC_WARN_UNUSED_FUNCTION = YES;
				GCC_WARN_UNUSED_VARIABLE = YES;
				IPHONEOS_DEPLOYMENT_TARGET = 14.3;
				MTL_ENABLE_DEBUG_INFO = INCLUDE_SOURCE;
				MTL_FAST_MATH = YES;
				ONLY_ACTIVE_ARCH = YES;
				SDKROOT = iphoneos;
				SWIFT_ACTIVE_COMPILATION_CONDITIONS = DEBUG;
				SWIFT_OPTIMIZATION_LEVEL = "-Onone";
			};
			name = Debug;
		};
		5D5E9819271F26700095E2E3 /* Release */ = {
			isa = XCBuildConfiguration;
			buildSettings = {
				ALWAYS_SEARCH_USER_PATHS = NO;
				CLANG_ANALYZER_NONNULL = YES;
				CLANG_ANALYZER_NUMBER_OBJECT_CONVERSION = YES_AGGRESSIVE;
				CLANG_CXX_LANGUAGE_STANDARD = "gnu++14";
				CLANG_CXX_LIBRARY = "libc++";
				CLANG_ENABLE_MODULES = YES;
				CLANG_ENABLE_OBJC_ARC = YES;
				CLANG_ENABLE_OBJC_WEAK = YES;
				CLANG_WARN_BLOCK_CAPTURE_AUTORELEASING = YES;
				CLANG_WARN_BOOL_CONVERSION = YES;
				CLANG_WARN_COMMA = YES;
				CLANG_WARN_CONSTANT_CONVERSION = YES;
				CLANG_WARN_DEPRECATED_OBJC_IMPLEMENTATIONS = YES;
				CLANG_WARN_DIRECT_OBJC_ISA_USAGE = YES_ERROR;
				CLANG_WARN_DOCUMENTATION_COMMENTS = YES;
				CLANG_WARN_EMPTY_BODY = YES;
				CLANG_WARN_ENUM_CONVERSION = YES;
				CLANG_WARN_INFINITE_RECURSION = YES;
				CLANG_WARN_INT_CONVERSION = YES;
				CLANG_WARN_NON_LITERAL_NULL_CONVERSION = YES;
				CLANG_WARN_OBJC_IMPLICIT_RETAIN_SELF = YES;
				CLANG_WARN_OBJC_LITERAL_CONVERSION = YES;
				CLANG_WARN_OBJC_ROOT_CLASS = YES_ERROR;
				CLANG_WARN_QUOTED_INCLUDE_IN_FRAMEWORK_HEADER = YES;
				CLANG_WARN_RANGE_LOOP_ANALYSIS = YES;
				CLANG_WARN_STRICT_PROTOTYPES = YES;
				CLANG_WARN_SUSPICIOUS_MOVE = YES;
				CLANG_WARN_UNGUARDED_AVAILABILITY = YES_AGGRESSIVE;
				CLANG_WARN_UNREACHABLE_CODE = YES;
				CLANG_WARN__DUPLICATE_METHOD_MATCH = YES;
				COPY_PHASE_STRIP = NO;
				DEBUG_INFORMATION_FORMAT = "dwarf-with-dsym";
				ENABLE_NS_ASSERTIONS = NO;
				ENABLE_STRICT_OBJC_MSGSEND = YES;
				GCC_C_LANGUAGE_STANDARD = gnu11;
				GCC_NO_COMMON_BLOCKS = YES;
				GCC_WARN_64_TO_32_BIT_CONVERSION = YES;
				GCC_WARN_ABOUT_RETURN_TYPE = YES_ERROR;
				GCC_WARN_UNDECLARED_SELECTOR = YES;
				GCC_WARN_UNINITIALIZED_AUTOS = YES_AGGRESSIVE;
				GCC_WARN_UNUSED_FUNCTION = YES;
				GCC_WARN_UNUSED_VARIABLE = YES;
				IPHONEOS_DEPLOYMENT_TARGET = 14.3;
				MTL_ENABLE_DEBUG_INFO = NO;
				MTL_FAST_MATH = YES;
				SDKROOT = iphoneos;
				SWIFT_COMPILATION_MODE = wholemodule;
				SWIFT_OPTIMIZATION_LEVEL = "-O";
				VALIDATE_PRODUCT = YES;
			};
			name = Release;
		};
		5D5E981B271F26700095E2E3 /* Debug */ = {
			isa = XCBuildConfiguration;
			buildSettings = {
				ASSETCATALOG_COMPILER_APPICON_NAME = AppIcon;
				ASSETCATALOG_COMPILER_GLOBAL_ACCENT_COLOR_NAME = AccentColor;
				CODE_SIGN_STYLE = Automatic;
				INFOPLIST_FILE = Review_2031152/Info.plist;
				LD_RUNPATH_SEARCH_PATHS = (
					"$(inherited)",
					"@executable_path/Frameworks",
				);
				PRODUCT_BUNDLE_IDENTIFIER = "Jagrut.Review-2031152";
				PRODUCT_NAME = "$(TARGET_NAME)";
				SWIFT_VERSION = 5.0;
				TARGETED_DEVICE_FAMILY = "1,2";
			};
			name = Debug;
		};
		5D5E981C271F26700095E2E3 /* Release */ = {
			isa = XCBuildConfiguration;
			buildSettings = {
				ASSETCATALOG_COMPILER_APPICON_NAME = AppIcon;
				ASSETCATALOG_COMPILER_GLOBAL_ACCENT_COLOR_NAME = AccentColor;
				CODE_SIGN_STYLE = Automatic;
				INFOPLIST_FILE = Review_2031152/Info.plist;
				LD_RUNPATH_SEARCH_PATHS = (
					"$(inherited)",
					"@executable_path/Frameworks",
				);
				PRODUCT_BUNDLE_IDENTIFIER = "Jagrut.Review-2031152";
				PRODUCT_NAME = "$(TARGET_NAME)";
				SWIFT_VERSION = 5.0;
				TARGETED_DEVICE_FAMILY = "1,2";
			};
			name = Release;
		};
/* End XCBuildConfiguration section */

/* Begin XCConfigurationList section */
		5D5E9801271F266F0095E2E3 /* Build configuration list for PBXProject "Review_2031152" */ = {
			isa = XCConfigurationList;
			buildConfigurations = (
				5D5E9818271F26700095E2E3 /* Debug */,
				5D5E9819271F26700095E2E3 /* Release */,
			);
			defaultConfigurationIsVisible = 0;
			defaultConfigurationName = Release;
		};
		5D5E981A271F26700095E2E3 /* Build configuration list for PBXNativeTarget "Review_2031152" */ = {
			isa = XCConfigurationList;
			buildConfigurations = (
				5D5E981B271F26700095E2E3 /* Debug */,
				5D5E981C271F26700095E2E3 /* Release */,
			);
			defaultConfigurationIsVisible = 0;
			defaultConfigurationName = Release;
		};
/* End XCConfigurationList section */
	};
	rootObject = 5D5E97FE271F266F0095E2E3 /* Project object */;
}
